// !$*UTF8*$!
{
	archiveVersion = 1;
	classes = {
	};
	objectVersion = 56;
	objects = {

/* Begin PBXBuildFile section */
		67CF1D8B2C018C44001DA769 /* PostifyApp.swift in Sources */ = {isa = PBXBuildFile; fileRef = 67CF1D8A2C018C44001DA769 /* PostifyApp.swift */; };
		67CF1D8F2C018C44001DA769 /* Assets.xcassets in Resources */ = {isa = PBXBuildFile; fileRef = 67CF1D8E2C018C44001DA769 /* Assets.xcassets */; };
		67CF1D932C018C44001DA769 /* Preview Assets.xcassets in Resources */ = {isa = PBXBuildFile; fileRef = 67CF1D922C018C44001DA769 /* Preview Assets.xcassets */; };
		67CF1D9E2C018CA3001DA769 /* Logger.swift in Sources */ = {isa = PBXBuildFile; fileRef = 67CF1D992C018CA3001DA769 /* Logger.swift */; };
		67CF1D9F2C018CA3001DA769 /* Dispatcher.swift in Sources */ = {isa = PBXBuildFile; fileRef = 67CF1D9A2C018CA3001DA769 /* Dispatcher.swift */; };
		67CF1DA02C018CA3001DA769 /* NetworkEnums.swift in Sources */ = {isa = PBXBuildFile; fileRef = 67CF1D9B2C018CA3001DA769 /* NetworkEnums.swift */; };
		67CF1DA12C018CA3001DA769 /* Request.swift in Sources */ = {isa = PBXBuildFile; fileRef = 67CF1D9C2C018CA3001DA769 /* Request.swift */; };
		67CF1DA22C018CA3001DA769 /* APIClient.swift in Sources */ = {isa = PBXBuildFile; fileRef = 67CF1D9D2C018CA3001DA769 /* APIClient.swift */; };
		67CF1DA52C018CE5001DA769 /* PostListVM.swift in Sources */ = {isa = PBXBuildFile; fileRef = 67CF1DA42C018CE5001DA769 /* PostListVM.swift */; };
		67CF1DA72C018CF4001DA769 /* PostListView.swift in Sources */ = {isa = PBXBuildFile; fileRef = 67CF1DA62C018CF4001DA769 /* PostListView.swift */; };
		67CF1DA92C018D84001DA769 /* PostListService.swift in Sources */ = {isa = PBXBuildFile; fileRef = 67CF1DA82C018D84001DA769 /* PostListService.swift */; };
		67CF1DAB2C018DC1001DA769 /* Posts.swift in Sources */ = {isa = PBXBuildFile; fileRef = 67CF1DAA2C018DC1001DA769 /* Posts.swift */; };
		67CF1DAD2C01919D001DA769 /* Optional+App.swift in Sources */ = {isa = PBXBuildFile; fileRef = 67CF1DAC2C01919D001DA769 /* Optional+App.swift */; };
		67CF1DAF2C019CCF001DA769 /* PostDetailView.swift in Sources */ = {isa = PBXBuildFile; fileRef = 67CF1DAE2C019CCF001DA769 /* PostDetailView.swift */; };
		67CF1DB52C01A9DD001DA769 /* PostRow.swift in Sources */ = {isa = PBXBuildFile; fileRef = 67CF1DB42C01A9DD001DA769 /* PostRow.swift */; };
		67CF1DB82C02DBCA001DA769 /* Constants.swift in Sources */ = {isa = PBXBuildFile; fileRef = 67CF1DB72C02DBCA001DA769 /* Constants.swift */; };
/* End PBXBuildFile section */

/* Begin PBXFileReference section */
		67CF1D872C018C44001DA769 /* Postify.app */ = {isa = PBXFileReference; explicitFileType = wrapper.application; includeInIndex = 0; path = Postify.app; sourceTree = BUILT_PRODUCTS_DIR; };
		67CF1D8A2C018C44001DA769 /* PostifyApp.swift */ = {isa = PBXFileReference; lastKnownFileType = sourcecode.swift; path = PostifyApp.swift; sourceTree = "<group>"; };
		67CF1D8E2C018C44001DA769 /* Assets.xcassets */ = {isa = PBXFileReference; lastKnownFileType = folder.assetcatalog; path = Assets.xcassets; sourceTree = "<group>"; };
		67CF1D902C018C44001DA769 /* Postify.entitlements */ = {isa = PBXFileReference; lastKnownFileType = text.plist.entitlements; path = Postify.entitlements; sourceTree = "<group>"; };
		67CF1D922C018C44001DA769 /* Preview Assets.xcassets */ = {isa = PBXFileReference; lastKnownFileType = folder.assetcatalog; path = "Preview Assets.xcassets"; sourceTree = "<group>"; };
		67CF1D992C018CA3001DA769 /* Logger.swift */ = {isa = PBXFileReference; fileEncoding = 4; lastKnownFileType = sourcecode.swift; path = Logger.swift; sourceTree = "<group>"; };
		67CF1D9A2C018CA3001DA769 /* Dispatcher.swift */ = {isa = PBXFileReference; fileEncoding = 4; lastKnownFileType = sourcecode.swift; path = Dispatcher.swift; sourceTree = "<group>"; };
		67CF1D9B2C018CA3001DA769 /* NetworkEnums.swift */ = {isa = PBXFileReference; fileEncoding = 4; lastKnownFileType = sourcecode.swift; path = NetworkEnums.swift; sourceTree = "<group>"; };
		67CF1D9C2C018CA3001DA769 /* Request.swift */ = {isa = PBXFileReference; fileEncoding = 4; lastKnownFileType = sourcecode.swift; path = Request.swift; sourceTree = "<group>"; };
		67CF1D9D2C018CA3001DA769 /* APIClient.swift */ = {isa = PBXFileReference; fileEncoding = 4; lastKnownFileType = sourcecode.swift; path = APIClient.swift; sourceTree = "<group>"; };
		67CF1DA42C018CE5001DA769 /* PostListVM.swift */ = {isa = PBXFileReference; lastKnownFileType = sourcecode.swift; path = PostListVM.swift; sourceTree = "<group>"; };
		67CF1DA62C018CF4001DA769 /* PostListView.swift */ = {isa = PBXFileReference; lastKnownFileType = sourcecode.swift; path = PostListView.swift; sourceTree = "<group>"; };
		67CF1DA82C018D84001DA769 /* PostListService.swift */ = {isa = PBXFileReference; lastKnownFileType = sourcecode.swift; path = PostListService.swift; sourceTree = "<group>"; };
		67CF1DAA2C018DC1001DA769 /* Posts.swift */ = {isa = PBXFileReference; lastKnownFileType = sourcecode.swift; path = Posts.swift; sourceTree = "<group>"; };
		67CF1DAC2C01919D001DA769 /* Optional+App.swift */ = {isa = PBXFileReference; lastKnownFileType = sourcecode.swift; path = "Optional+App.swift"; sourceTree = "<group>"; };
		67CF1DAE2C019CCF001DA769 /* PostDetailView.swift */ = {isa = PBXFileReference; lastKnownFileType = sourcecode.swift; path = PostDetailView.swift; sourceTree = "<group>"; };
		67CF1DB42C01A9DD001DA769 /* PostRow.swift */ = {isa = PBXFileReference; lastKnownFileType = sourcecode.swift; path = PostRow.swift; sourceTree = "<group>"; };
		67CF1DB72C02DBCA001DA769 /* Constants.swift */ = {isa = PBXFileReference; lastKnownFileType = sourcecode.swift; path = Constants.swift; sourceTree = "<group>"; };
/* End PBXFileReference section */

/* Begin PBXFrameworksBuildPhase section */
		67CF1D842C018C44001DA769 /* Frameworks */ = {
			isa = PBXFrameworksBuildPhase;
			buildActionMask = 2147483647;
			files = (
			);
			runOnlyForDeploymentPostprocessing = 0;
		};
/* End PBXFrameworksBuildPhase section */

/* Begin PBXGroup section */
		67CF1D7E2C018C44001DA769 = {
			isa = PBXGroup;
			children = (
				67CF1D892C018C44001DA769 /* Postify */,
				67CF1D882C018C44001DA769 /* Products */,
			);
			sourceTree = "<group>";
		};
		67CF1D882C018C44001DA769 /* Products */ = {
			isa = PBXGroup;
			children = (
				67CF1D872C018C44001DA769 /* Postify.app */,
			);
			name = Products;
			sourceTree = "<group>";
		};
		67CF1D892C018C44001DA769 /* Postify */ = {
			isa = PBXGroup;
			children = (
				67CF1D8A2C018C44001DA769 /* PostifyApp.swift */,
				67CF1DB32C019D09001DA769 /* PostList */,
				67CF1DB62C01AAFE001DA769 /* PostDetail */,
				67CF1DB22C019CEF001DA769 /* Service */,
				67CF1DB02C019CD8001DA769 /* Model */,
				67CF1DB12C019CE2001DA769 /* Extension */,
				67CF1DA32C018CBC001DA769 /* Networking */,
				67CF1D8E2C018C44001DA769 /* Assets.xcassets */,
				67CF1D902C018C44001DA769 /* Postify.entitlements */,
				67CF1D912C018C44001DA769 /* Preview Content */,
			);
			path = Postify;
			sourceTree = "<group>";
		};
		67CF1D912C018C44001DA769 /* Preview Content */ = {
			isa = PBXGroup;
			children = (
				67CF1D922C018C44001DA769 /* Preview Assets.xcassets */,
			);
			path = "Preview Content";
			sourceTree = "<group>";
		};
		67CF1DA32C018CBC001DA769 /* Networking */ = {
			isa = PBXGroup;
			children = (
				67CF1D9D2C018CA3001DA769 /* APIClient.swift */,
				67CF1D9A2C018CA3001DA769 /* Dispatcher.swift */,
				67CF1D992C018CA3001DA769 /* Logger.swift */,
				67CF1D9B2C018CA3001DA769 /* NetworkEnums.swift */,
				67CF1D9C2C018CA3001DA769 /* Request.swift */,
			);
			path = Networking;
			sourceTree = "<group>";
		};
		67CF1DB02C019CD8001DA769 /* Model */ = {
			isa = PBXGroup;
			children = (
				67CF1DAA2C018DC1001DA769 /* Posts.swift */,
				67CF1DB72C02DBCA001DA769 /* Constants.swift */,
			);
			path = Model;
			sourceTree = "<group>";
		};
		67CF1DB12C019CE2001DA769 /* Extension */ = {
			isa = PBXGroup;
			children = (
				67CF1DAC2C01919D001DA769 /* Optional+App.swift */,
			);
			path = Extension;
			sourceTree = "<group>";
		};
		67CF1DB22C019CEF001DA769 /* Service */ = {
			isa = PBXGroup;
			children = (
				67CF1DA82C018D84001DA769 /* PostListService.swift */,
			);
			path = Service;
			sourceTree = "<group>";
		};
		67CF1DB32C019D09001DA769 /* PostList */ = {
			isa = PBXGroup;
			children = (
				67CF1DA62C018CF4001DA769 /* PostListView.swift */,
				67CF1DA42C018CE5001DA769 /* PostListVM.swift */,
				67CF1DB42C01A9DD001DA769 /* PostRow.swift */,
			);
			path = PostList;
			sourceTree = "<group>";
		};
		67CF1DB62C01AAFE001DA769 /* PostDetail */ = {
			isa = PBXGroup;
			children = (
				67CF1DAE2C019CCF001DA769 /* PostDetailView.swift */,
			);
			path = PostDetail;
			sourceTree = "<group>";
		};
/* End PBXGroup section */

/* Begin PBXNativeTarget section */
		67CF1D862C018C44001DA769 /* Postify */ = {
			isa = PBXNativeTarget;
			buildConfigurationList = 67CF1D962C018C44001DA769 /* Build configuration list for PBXNativeTarget "Postify" */;
			buildPhases = (
				67CF1D832C018C44001DA769 /* Sources */,
				67CF1D842C018C44001DA769 /* Frameworks */,
				67CF1D852C018C44001DA769 /* Resources */,
			);
			buildRules = (
			);
			dependencies = (
			);
			name = Postify;
			productName = Postify;
			productReference = 67CF1D872C018C44001DA769 /* Postify.app */;
			productType = "com.apple.product-type.application";
		};
/* End PBXNativeTarget section */

/* Begin PBXProject section */
		67CF1D7F2C018C44001DA769 /* Project object */ = {
			isa = PBXProject;
			attributes = {
				BuildIndependentTargetsInParallel = 1;
				LastSwiftUpdateCheck = 1500;
				LastUpgradeCheck = 1500;
				TargetAttributes = {
					67CF1D862C018C44001DA769 = {
						CreatedOnToolsVersion = 15.0;
					};
				};
			};
			buildConfigurationList = 67CF1D822C018C44001DA769 /* Build configuration list for PBXProject "Postify" */;
			compatibilityVersion = "Xcode 14.0";
			developmentRegion = en;
			hasScannedForEncodings = 0;
			knownRegions = (
				en,
				Base,
			);
			mainGroup = 67CF1D7E2C018C44001DA769;
			productRefGroup = 67CF1D882C018C44001DA769 /* Products */;
			projectDirPath = "";
			projectRoot = "";
			targets = (
				67CF1D862C018C44001DA769 /* Postify */,
			);
		};
/* End PBXProject section */

/* Begin PBXResourcesBuildPhase section */
		67CF1D852C018C44001DA769 /* Resources */ = {
			isa = PBXResourcesBuildPhase;
			buildActionMask = 2147483647;
			files = (
				67CF1D932C018C44001DA769 /* Preview Assets.xcassets in Resources */,
				67CF1D8F2C018C44001DA769 /* Assets.xcassets in Resources */,
			);
			runOnlyForDeploymentPostprocessing = 0;
		};
/* End PBXResourcesBuildPhase section */

/* Begin PBXSourcesBuildPhase section */
		67CF1D832C018C44001DA769 /* Sources */ = {
			isa = PBXSourcesBuildPhase;
			buildActionMask = 2147483647;
			files = (
				67CF1DA52C018CE5001DA769 /* PostListVM.swift in Sources */,
				67CF1DA02C018CA3001DA769 /* NetworkEnums.swift in Sources */,
				67CF1DA22C018CA3001DA769 /* APIClient.swift in Sources */,
				67CF1DAF2C019CCF001DA769 /* PostDetailView.swift in Sources */,
				67CF1DA12C018CA3001DA769 /* Request.swift in Sources */,
				67CF1DB52C01A9DD001DA769 /* PostRow.swift in Sources */,
				67CF1D9E2C018CA3001DA769 /* Logger.swift in Sources */,
				67CF1DAD2C01919D001DA769 /* Optional+App.swift in Sources */,
				67CF1DAB2C018DC1001DA769 /* Posts.swift in Sources */,
				67CF1D9F2C018CA3001DA769 /* Dispatcher.swift in Sources */,
				67CF1DA72C018CF4001DA769 /* PostListView.swift in Sources */,
				67CF1DB82C02DBCA001DA769 /* Constants.swift in Sources */,
				67CF1D8B2C018C44001DA769 /* PostifyApp.swift in Sources */,
				67CF1DA92C018D84001DA769 /* PostListService.swift in Sources */,
			);
			runOnlyForDeploymentPostprocessing = 0;
		};
/* End PBXSourcesBuildPhase section */

/* Begin XCBuildConfiguration section */
		67CF1D942C018C44001DA769 /* Debug */ = {
			isa = XCBuildConfiguration;
			buildSettings = {
				ALWAYS_SEARCH_USER_PATHS = NO;
				ASSETCATALOG_COMPILER_GENERATE_SWIFT_ASSET_SYMBOL_EXTENSIONS = YES;
				CLANG_ANALYZER_NONNULL = YES;
				CLANG_ANALYZER_NUMBER_OBJECT_CONVERSION = YES_AGGRESSIVE;
				CLANG_CXX_LANGUAGE_STANDARD = "gnu++20";
				CLANG_ENABLE_MODULES = YES;
				CLANG_ENABLE_OBJC_ARC = YES;
				CLANG_ENABLE_OBJC_WEAK = YES;
				CLANG_WARN_BLOCK_CAPTURE_AUTORELEASING = YES;
				CLANG_WARN_BOOL_CONVERSION = YES;
				CLANG_WARN_COMMA = YES;
				CLANG_WARN_CONSTANT_CONVERSION = YES;
				CLANG_WARN_DEPRECATED_OBJC_IMPLEMENTATIONS = YES;
				CLANG_WARN_DIRECT_OBJC_ISA_USAGE = YES_ERROR;
				CLANG_WARN_DOCUMENTATION_COMMENTS = YES;
				CLANG_WARN_EMPTY_BODY = YES;
				CLANG_WARN_ENUM_CONVERSION = YES;
				CLANG_WARN_INFINITE_RECURSION = YES;
				CLANG_WARN_INT_CONVERSION = YES;
				CLANG_WARN_NON_LITERAL_NULL_CONVERSION = YES;
				CLANG_WARN_OBJC_IMPLICIT_RETAIN_SELF = YES;
				CLANG_WARN_OBJC_LITERAL_CONVERSION = YES;
				CLANG_WARN_OBJC_ROOT_CLASS = YES_ERROR;
				CLANG_WARN_QUOTED_INCLUDE_IN_FRAMEWORK_HEADER = YES;
				CLANG_WARN_RANGE_LOOP_ANALYSIS = YES;
				CLANG_WARN_STRICT_PROTOTYPES = YES;
				CLANG_WARN_SUSPICIOUS_MOVE = YES;
				CLANG_WARN_UNGUARDED_AVAILABILITY = YES_AGGRESSIVE;
				CLANG_WARN_UNREACHABLE_CODE = YES;
				CLANG_WARN__DUPLICATE_METHOD_MATCH = YES;
				COPY_PHASE_STRIP = NO;
				DEBUG_INFORMATION_FORMAT = dwarf;
				ENABLE_STRICT_OBJC_MSGSEND = YES;
				ENABLE_TESTABILITY = YES;
				ENABLE_USER_SCRIPT_SANDBOXING = YES;
				GCC_C_LANGUAGE_STANDARD = gnu17;
				GCC_DYNAMIC_NO_PIC = NO;
				GCC_NO_COMMON_BLOCKS = YES;
				GCC_OPTIMIZATION_LEVEL = 0;
				GCC_PREPROCESSOR_DEFINITIONS = (
					"DEBUG=1",
					"$(inherited)",
				);
				GCC_WARN_64_TO_32_BIT_CONVERSION = YES;
				GCC_WARN_ABOUT_RETURN_TYPE = YES_ERROR;
				GCC_WARN_UNDECLARED_SELECTOR = YES;
				GCC_WARN_UNINITIALIZED_AUTOS = YES_AGGRESSIVE;
				GCC_WARN_UNUSED_FUNCTION = YES;
				GCC_WARN_UNUSED_VARIABLE = YES;
				LOCALIZATION_PREFERS_STRING_CATALOGS = YES;
				MTL_ENABLE_DEBUG_INFO = INCLUDE_SOURCE;
				MTL_FAST_MATH = YES;
				ONLY_ACTIVE_ARCH = YES;
				SWIFT_ACTIVE_COMPILATION_CONDITIONS = "DEBUG $(inherited)";
				SWIFT_OPTIMIZATION_LEVEL = "-Onone";
			};
			name = Debug;
		};
		67CF1D952C018C44001DA769 /* Release */ = {
			isa = XCBuildConfiguration;
			buildSettings = {
				ALWAYS_SEARCH_USER_PATHS = NO;
				ASSETCATALOG_COMPILER_GENERATE_SWIFT_ASSET_SYMBOL_EXTENSIONS = YES;
				CLANG_ANALYZER_NONNULL = YES;
				CLANG_ANALYZER_NUMBER_OBJECT_CONVERSION = YES_AGGRESSIVE;
				CLANG_CXX_LANGUAGE_STANDARD = "gnu++20";
				CLANG_ENABLE_MODULES = YES;
				CLANG_ENABLE_OBJC_ARC = YES;
				CLANG_ENABLE_OBJC_WEAK = YES;
				CLANG_WARN_BLOCK_CAPTURE_AUTORELEASING = YES;
				CLANG_WARN_BOOL_CONVERSION = YES;
				CLANG_WARN_COMMA = YES;
				CLANG_WARN_CONSTANT_CONVERSION = YES;
				CLANG_WARN_DEPRECATED_OBJC_IMPLEMENTATIONS = YES;
				CLANG_WARN_DIRECT_OBJC_ISA_USAGE = YES_ERROR;
				CLANG_WARN_DOCUMENTATION_COMMENTS = YES;
				CLANG_WARN_EMPTY_BODY = YES;
				CLANG_WARN_ENUM_CONVERSION = YES;
				CLANG_WARN_INFINITE_RECURSION = YES;
				CLANG_WARN_INT_CONVERSION = YES;
				CLANG_WARN_NON_LITERAL_NULL_CONVERSION = YES;
				CLANG_WARN_OBJC_IMPLICIT_RETAIN_SELF = YES;
				CLANG_WARN_OBJC_LITERAL_CONVERSION = YES;
				CLANG_WARN_OBJC_ROOT_CLASS = YES_ERROR;
				CLANG_WARN_QUOTED_INCLUDE_IN_FRAMEWORK_HEADER = YES;
				CLANG_WARN_RANGE_LOOP_ANALYSIS = YES;
				CLANG_WARN_STRICT_PROTOTYPES = YES;
				CLANG_WARN_SUSPICIOUS_MOVE = YES;
				CLANG_WARN_UNGUARDED_AVAILABILITY = YES_AGGRESSIVE;
				CLANG_WARN_UNREACHABLE_CODE = YES;
				CLANG_WARN__DUPLICATE_METHOD_MATCH = YES;
				COPY_PHASE_STRIP = NO;
				DEBUG_INFORMATION_FORMAT = "dwarf-with-dsym";
				ENABLE_NS_ASSERTIONS = NO;
				ENABLE_STRICT_OBJC_MSGSEND = YES;
				ENABLE_USER_SCRIPT_SANDBOXING = YES;
				GCC_C_LANGUAGE_STANDARD = gnu17;
				GCC_NO_COMMON_BLOCKS = YES;
				GCC_WARN_64_TO_32_BIT_CONVERSION = YES;
				GCC_WARN_ABOUT_RETURN_TYPE = YES_ERROR;
				GCC_WARN_UNDECLARED_SELECTOR = YES;
				GCC_WARN_UNINITIALIZED_AUTOS = YES_AGGRESSIVE;
				GCC_WARN_UNUSED_FUNCTION = YES;
				GCC_WARN_UNUSED_VARIABLE = YES;
				LOCALIZATION_PREFERS_STRING_CATALOGS = YES;
				MTL_ENABLE_DEBUG_INFO = NO;
				MTL_FAST_MATH = YES;
				SWIFT_COMPILATION_MODE = wholemodule;
			};
			name = Release;
		};
		67CF1D972C018C44001DA769 /* Debug */ = {
			isa = XCBuildConfiguration;
			buildSettings = {
				ASSETCATALOG_COMPILER_APPICON_NAME = AppIcon;
				ASSETCATALOG_COMPILER_GLOBAL_ACCENT_COLOR_NAME = AccentColor;
				CODE_SIGN_ENTITLEMENTS = Postify/Postify.entitlements;
				CODE_SIGN_STYLE = Automatic;
				CURRENT_PROJECT_VERSION = 1;
				DEVELOPMENT_ASSET_PATHS = "\"Postify/Preview Content\"";
				ENABLE_PREVIEWS = YES;
				GENERATE_INFOPLIST_FILE = YES;
				"INFOPLIST_KEY_UIApplicationSceneManifest_Generation[sdk=iphoneos*]" = YES;
				"INFOPLIST_KEY_UIApplicationSceneManifest_Generation[sdk=iphonesimulator*]" = YES;
				"INFOPLIST_KEY_UIApplicationSupportsIndirectInputEvents[sdk=iphoneos*]" = YES;
				"INFOPLIST_KEY_UIApplicationSupportsIndirectInputEvents[sdk=iphonesimulator*]" = YES;
				"INFOPLIST_KEY_UILaunchScreen_Generation[sdk=iphoneos*]" = YES;
				"INFOPLIST_KEY_UILaunchScreen_Generation[sdk=iphonesimulator*]" = YES;
				"INFOPLIST_KEY_UIStatusBarStyle[sdk=iphoneos*]" = UIStatusBarStyleDefault;
				"INFOPLIST_KEY_UIStatusBarStyle[sdk=iphonesimulator*]" = UIStatusBarStyleDefault;
				INFOPLIST_KEY_UISupportedInterfaceOrientations_iPad = "UIInterfaceOrientationPortrait UIInterfaceOrientationPortraitUpsideDown UIInterfaceOrientationLandscapeLeft UIInterfaceOrientationLandscapeRight";
				INFOPLIST_KEY_UISupportedInterfaceOrientations_iPhone = "UIInterfaceOrientationPortrait UIInterfaceOrientationLandscapeLeft UIInterfaceOrientationLandscapeRight";
				IPHONEOS_DEPLOYMENT_TARGET = 14.0;
				LD_RUNPATH_SEARCH_PATHS = "@executable_path/Frameworks";
				"LD_RUNPATH_SEARCH_PATHS[sdk=macosx*]" = "@executable_path/../Frameworks";
				MACOSX_DEPLOYMENT_TARGET = 11.5;
				MARKETING_VERSION = 1.0;
				PRODUCT_BUNDLE_IDENTIFIER = com.nagaraj.Postify;
				PRODUCT_NAME = "$(TARGET_NAME)";
				SDKROOT = auto;
				SUPPORTED_PLATFORMS = "iphoneos iphonesimulator macosx";
				SWIFT_EMIT_LOC_STRINGS = YES;
				SWIFT_VERSION = 5.0;
				TARGETED_DEVICE_FAMILY = "1,2";
			};
			name = Debug;
		};
		67CF1D982C018C44001DA769 /* Release */ = {
			isa = XCBuildConfiguration;
			buildSettings = {
				ASSETCATALOG_COMPILER_APPICON_NAME = AppIcon;
				ASSETCATALOG_COMPILER_GLOBAL_ACCENT_COLOR_NAME = AccentColor;
				CODE_SIGN_ENTITLEMENTS = Postify/Postify.entitlements;
				CODE_SIGN_STYLE = Automatic;
				CURRENT_PROJECT_VERSION = 1;
				DEVELOPMENT_ASSET_PATHS = "\"Postify/Preview Content\"";
				ENABLE_PREVIEWS = YES;
				GENERATE_INFOPLIST_FILE = YES;
				"INFOPLIST_KEY_UIApplicationSceneManifest_Generation[sdk=iphoneos*]" = YES;
				"INFOPLIST_KEY_UIApplicationSceneManifest_Generation[sdk=iphonesimulator*]" = YES;
				"INFOPLIST_KEY_UIApplicationSupportsIndirectInputEvents[sdk=iphoneos*]" = YES;
				"INFOPLIST_KEY_UIApplicationSupportsIndirectInputEvents[sdk=iphonesimulator*]" = YES;
				"INFOPLIST_KEY_UILaunchScreen_Generation[sdk=iphoneos*]" = YES;
				"INFOPLIST_KEY_UILaunchScreen_Generation[sdk=iphonesimulator*]" = YES;
				"INFOPLIST_KEY_UIStatusBarStyle[sdk=iphoneos*]" = UIStatusBarStyleDefault;
				"INFOPLIST_KEY_UIStatusBarStyle[sdk=iphonesimulator*]" = UIStatusBarStyleDefault;
				INFOPLIST_KEY_UISupportedInterfaceOrientations_iPad = "UIInterfaceOrientationPortrait UIInterfaceOrientationPortraitUpsideDown UIInterfaceOrientationLandscapeLeft UIInterfaceOrientationLandscapeRight";
				INFOPLIST_KEY_UISupportedInterfaceOrientations_iPhone = "UIInterfaceOrientationPortrait UIInterfaceOrientationLandscapeLeft UIInterfaceOrientationLandscapeRight";
				IPHONEOS_DEPLOYMENT_TARGET = 14.0;
				LD_RUNPATH_SEARCH_PATHS = "@executable_path/Frameworks";
				"LD_RUNPATH_SEARCH_PATHS[sdk=macosx*]" = "@executable_path/../Frameworks";
				MACOSX_DEPLOYMENT_TARGET = 11.5;
				MARKETING_VERSION = 1.0;
				PRODUCT_BUNDLE_IDENTIFIER = com.nagaraj.Postify;
				PRODUCT_NAME = "$(TARGET_NAME)";
				SDKROOT = auto;
				SUPPORTED_PLATFORMS = "iphoneos iphonesimulator macosx";
				SWIFT_EMIT_LOC_STRINGS = YES;
				SWIFT_VERSION = 5.0;
				TARGETED_DEVICE_FAMILY = "1,2";
			};
			name = Release;
		};
/* End XCBuildConfiguration section */

/* Begin XCConfigurationList section */
		67CF1D822C018C44001DA769 /* Build configuration list for PBXProject "Postify" */ = {
			isa = XCConfigurationList;
			buildConfigurations = (
				67CF1D942C018C44001DA769 /* Debug */,
				67CF1D952C018C44001DA769 /* Release */,
			);
			defaultConfigurationIsVisible = 0;
			defaultConfigurationName = Release;
		};
		67CF1D962C018C44001DA769 /* Build configuration list for PBXNativeTarget "Postify" */ = {
			isa = XCConfigurationList;
			buildConfigurations = (
				67CF1D972C018C44001DA769 /* Debug */,
				67CF1D982C018C44001DA769 /* Release */,
			);
			defaultConfigurationIsVisible = 0;
			defaultConfigurationName = Release;
		};
/* End XCConfigurationList section */
	};
	rootObject = 67CF1D7F2C018C44001DA769 /* Project object */;
}
